
Microsoft Visual Studio Solution File, Format Version 12.00
# Visual Studio Version 16
VisualStudioVersion = 16.0.30523.141
MinimumVisualStudioVersion = 10.0.40219.1
Project("{FAE04EC0-301F-11D3-BF4B-00C04F79EFBC}") = "Class_03.LoopsAndArrays.FirstExercise", "Class_03.LoopsAndArrays.FirstExercise\Class_03.LoopsAndArrays.FirstExercise.csproj", "{5AB31121-5A73-4B61-B328-46602069C4EF}"
EndProject
Project("{FAE04EC0-301F-11D3-BF4B-00C04F79EFBC}") = "Class_03_LoopsAndArrays-Homework.SecondExercise", "Class_03_LoopsAndArrays-Homework.SecondExercise\Class_03_LoopsAndArrays-Homework.SecondExercise.csproj", "{D22D2BA6-B24B-4A26-B19C-23D48A536026}"
EndProject
Project("{FAE04EC0-301F-11D3-BF4B-00C04F79EFBC}") = "Class_03.LoopsAndArrays.Homework.ThirdExercise", "Class_03.LoopsAndArrays.Homework.ThirdExercise\Class_03.LoopsAndArrays.Homework.ThirdExercise.csproj", "{036B7D4E-0286-4ED7-8CBD-B919252B62A2}"
EndProject
Global
	GlobalSection(SolutionConfigurationPlatforms) = preSolution
		Debug|Any CPU = Debug|Any CPU
		Release|Any CPU = Release|Any CPU
	EndGlobalSection
	GlobalSection(ProjectConfigurationPlatforms) = postSolution
		{5AB31121-5A73-4B61-B328-46602069C4EF}.Debug|Any CPU.ActiveCfg = Debug|Any CPU
		{5AB31121-5A73-4B61-B328-46602069C4EF}.Debug|Any CPU.Build.0 = Debug|Any CPU
		{5AB31121-5A73-4B61-B328-46602069C4EF}.Release|Any CPU.ActiveCfg = Release|Any CPU
		{5AB31121-5A73-4B61-B328-46602069C4EF}.Release|Any CPU.Build.0 = Release|Any CPU
		{D22D2BA6-B24B-4A26-B19C-23D48A536026}.Debug|Any CPU.ActiveCfg = Debug|Any CPU
		{D22D2BA6-B24B-4A26-B19C-23D48A536026}.Debug|Any CPU.Build.0 = Debug|Any CPU
		{D22D2BA6-B24B-4A26-B19C-23D48A536026}.Release|Any CPU.ActiveCfg = Release|Any CPU
		{D22D2BA6-B24B-4A26-B19C-23D48A536026}.Release|Any CPU.Build.0 = Release|Any CPU
		{036B7D4E-0286-4ED7-8CBD-B919252B62A2}.Debug|Any CPU.ActiveCfg = Debug|Any CPU
		{036B7D4E-0286-4ED7-8CBD-B919252B62A2}.Debug|Any CPU.Build.0 = Debug|Any CPU
		{036B7D4E-0286-4ED7-8CBD-B919252B62A2}.Release|Any CPU.ActiveCfg = Release|Any CPU
		{036B7D4E-0286-4ED7-8CBD-B919252B62A2}.Release|Any CPU.Build.0 = Release|Any CPU
	EndGlobalSection
	GlobalSection(SolutionProperties) = preSolution
		HideSolutionNode = FALSE
	EndGlobalSection
	GlobalSection(ExtensibilityGlobals) = postSolution
		SolutionGuid = {3D2E9F38-564B-49A3-8E8E-FCD86C61E872}
	EndGlobalSection
EndGlobal
