
Microsoft Visual Studio Solution File, Format Version 12.00
# Visual Studio Version 16
VisualStudioVersion = 16.0.30523.141
MinimumVisualStudioVersion = 10.0.40219.1
Project("{FAE04EC0-301F-11D3-BF4B-00C04F79EFBC}") = "Class_07_ClassRecapCode", "Class_07_ClassRecapCode\Class_07_ClassRecapCode.csproj", "{99FA589C-DB85-4550-90CC-888ABB550509}"
EndProject
Global
	GlobalSection(SolutionConfigurationPlatforms) = preSolution
		Debug|Any CPU = Debug|Any CPU
		Release|Any CPU = Release|Any CPU
	EndGlobalSection
	GlobalSection(ProjectConfigurationPlatforms) = postSolution
		{99FA589C-DB85-4550-90CC-888ABB550509}.Debug|Any CPU.ActiveCfg = Debug|Any CPU
		{99FA589C-DB85-4550-90CC-888ABB550509}.Debug|Any CPU.Build.0 = Debug|Any CPU
		{99FA589C-DB85-4550-90CC-888ABB550509}.Release|Any CPU.ActiveCfg = Release|Any CPU
		{99FA589C-DB85-4550-90CC-888ABB550509}.Release|Any CPU.Build.0 = Release|Any CPU
	EndGlobalSection
	GlobalSection(SolutionProperties) = preSolution
		HideSolutionNode = FALSE
	EndGlobalSection
	GlobalSection(ExtensibilityGlobals) = postSolution
		SolutionGuid = {AE5916EB-0964-4DB7-AA42-34CA917A0176}
	EndGlobalSection
EndGlobal
